
Microsoft Visual Studio Solution File, Format Version 12.00
# Visual Studio Version 16
VisualStudioVersion = 16.0.30320.27
MinimumVisualStudioVersion = 10.0.40219.1
Project("{FAE04EC0-301F-11D3-BF4B-00C04F79EFBC}") = "Client", "Client\Client.csproj", "{4A38C2A8-22AF-4075-A823-1D0F1604A47B}"
EndProject
Global
	GlobalSection(SolutionConfigurationPlatforms) = preSolution
		Debug|Any CPU = Debug|Any CPU
		Release|Any CPU = Release|Any CPU
	EndGlobalSection
	GlobalSection(ProjectConfigurationPlatforms) = postSolution
		{4A38C2A8-22AF-4075-A823-1D0F1604A47B}.Debug|Any CPU.ActiveCfg = Debug|Any CPU
		{4A38C2A8-22AF-4075-A823-1D0F1604A47B}.Debug|Any CPU.Build.0 = Debug|Any CPU
		{4A38C2A8-22AF-4075-A823-1D0F1604A47B}.Release|Any CPU.ActiveCfg = Release|Any CPU
		{4A38C2A8-22AF-4075-A823-1D0F1604A47B}.Release|Any CPU.Build.0 = Release|Any CPU
	EndGlobalSection
	GlobalSection(SolutionProperties) = preSolution
		HideSolutionNode = FALSE
	EndGlobalSection
	GlobalSection(ExtensibilityGlobals) = postSolution
		SolutionGuid = {EC512E25-6E83-4D29-8E08-C12BC90B99B3}
	EndGlobalSection
EndGlobal
