
Microsoft Visual Studio Solution File, Format Version 12.00
# Visual Studio Version 16
VisualStudioVersion = 16.0.30320.27
MinimumVisualStudioVersion = 10.0.40219.1
Project("{FAE04EC0-301F-11D3-BF4B-00C04F79EFBC}") = "Server", "Server\Server.csproj", "{FE91E703-6129-4F14-BBEC-577DDC4F740B}"
EndProject
Global
	GlobalSection(SolutionConfigurationPlatforms) = preSolution
		Debug|Any CPU = Debug|Any CPU
		Release|Any CPU = Release|Any CPU
	EndGlobalSection
	GlobalSection(ProjectConfigurationPlatforms) = postSolution
		{FE91E703-6129-4F14-BBEC-577DDC4F740B}.Debug|Any CPU.ActiveCfg = Debug|Any CPU
		{FE91E703-6129-4F14-BBEC-577DDC4F740B}.Debug|Any CPU.Build.0 = Debug|Any CPU
		{FE91E703-6129-4F14-BBEC-577DDC4F740B}.Release|Any CPU.ActiveCfg = Release|Any CPU
		{FE91E703-6129-4F14-BBEC-577DDC4F740B}.Release|Any CPU.Build.0 = Release|Any CPU
	EndGlobalSection
	GlobalSection(SolutionProperties) = preSolution
		HideSolutionNode = FALSE
	EndGlobalSection
	GlobalSection(ExtensibilityGlobals) = postSolution
		SolutionGuid = {D6FB922F-5B7B-4276-BC90-190BCB10D1F7}
	EndGlobalSection
EndGlobal
